{
  "lockfileVersion": 1,
  "configVersion": 1,
  "workspaces": {
    "": {
      "name": "kd-gat-validate",
      "dependencies": {
        "unist-util-visit": "^5.0.0",
        "vfile": "^6.0.3",
        "vfile-reporter": "^8.1.1",
      },
    },
  },
  "packages": {
    "@types/supports-color": ["@types/supports-color@8.1.3", "", {}, "sha512-Hy6UMpxhE3j1tLpl27exp1XqHD7n8chAiNPzWfz16LPZoMMoSc4dzLl6w9qijkEb/r5O1ozdu1CWGA2L83ZeZg=="],

    "@types/unist": ["@types/unist@3.0.3", "", {}, "sha512-ko/gIFJRv177XgZsZcBwnqJN5x/Gien8qNOn0D5bQU/zAzVf9Zt3BlcUiLqhV9y4ARk0GbT3tnUiPNgnTXzc/Q=="],

    "ansi-regex": ["ansi-regex@6.2.2", "", {}, "sha512-Bq3SmSpyFHaWjPk8If9yc6svM8c56dB5BAtW4Qbw5jHTwwXXcTLoRMkpDJp6VL0XzlWaCHTXrkFURMYmD0sLqg=="],

    "eastasianwidth": ["eastasianwidth@0.2.0", "", {}, "sha512-I88TYZWc9XiYHRQ4/3c5rjjfgkjhLyW2luGIheGERbNQ6OY7yTybanSpDXZa8y7VUP9YmDcYa+eyq4ca7iLqWA=="],

    "emoji-regex": ["emoji-regex@10.6.0", "", {}, "sha512-toUI84YS5YmxW219erniWD0CIVOo46xGKColeNQRgOzDorgBi1v4D71/OFzgD9GO2UGKIv1C3Sp8DAn0+j5w7A=="],

    "string-width": ["string-width@6.1.0", "", { "dependencies": { "eastasianwidth": "^0.2.0", "emoji-regex": "^10.2.1", "strip-ansi": "^7.0.1" } }, "sha512-k01swCJAgQmuADB0YIc+7TuatfNvTBVOoaUWJjTB9R4VJzR5vNWzf5t42ESVZFPS8xTySF7CAdV4t/aaIm3UnQ=="],

    "strip-ansi": ["strip-ansi@7.2.0", "", { "dependencies": { "ansi-regex": "^6.2.2" } }, "sha512-yDPMNjp4WyfYBkHnjIRLfca1i6KMyGCtsVgoKe/z1+6vukgaENdgGBZt+ZmKPc4gavvEZ5OgHfHdrazhgNyG7w=="],

    "supports-color": ["supports-color@9.4.0", "", {}, "sha512-VL+lNrEoIXww1coLPOmiEmK/0sGigko5COxI09KzHc2VJXJsQ37UaQ+8quuxjDeA7+KnLGTWRyOXSLLR2Wb4jw=="],

    "unist-util-is": ["unist-util-is@6.0.1", "", { "dependencies": { "@types/unist": "^3.0.0" } }, "sha512-LsiILbtBETkDz8I9p1dQ0uyRUWuaQzd/cuEeS1hoRSyW5E5XGmTzlwY1OrNzzakGowI9Dr/I8HVaw4hTtnxy8g=="],

    "unist-util-stringify-position": ["unist-util-stringify-position@4.0.0", "", { "dependencies": { "@types/unist": "^3.0.0" } }, "sha512-0ASV06AAoKCDkS2+xw5RXJywruurpbC4JZSm7nr7MOt1ojAzvyyaO+UxZf18j8FCF6kmzCZKcAgN/yu2gm2XgQ=="],

    "unist-util-visit": ["unist-util-visit@5.1.0", "", { "dependencies": { "@types/unist": "^3.0.0", "unist-util-is": "^6.0.0", "unist-util-visit-parents": "^6.0.0" } }, "sha512-m+vIdyeCOpdr/QeQCu2EzxX/ohgS8KbnPDgFni4dQsfSCtpz8UqDyY5GjRru8PDKuYn7Fq19j1CQ+nJSsGKOzg=="],

    "unist-util-visit-parents": ["unist-util-visit-parents@6.0.2", "", { "dependencies": { "@types/unist": "^3.0.0", "unist-util-is": "^6.0.0" } }, "sha512-goh1s1TBrqSqukSc8wrjwWhL0hiJxgA8m4kFxGlQ+8FYQ3C/m11FcTs4YYem7V664AhHVvgoQLk890Ssdsr2IQ=="],

    "vfile": ["vfile@6.0.3", "", { "dependencies": { "@types/unist": "^3.0.0", "vfile-message": "^4.0.0" } }, "sha512-KzIbH/9tXat2u30jf+smMwFCsno4wHVdNmzFyL+T/L3UGqqk6JKfVqOFOZEpZSHADH1k40ab6NUIXZq422ov3Q=="],

    "vfile-message": ["vfile-message@4.0.3", "", { "dependencies": { "@types/unist": "^3.0.0", "unist-util-stringify-position": "^4.0.0" } }, "sha512-QTHzsGd1EhbZs4AsQ20JX1rC3cOlt/IWJruk893DfLRr57lcnOeMaWG4K0JrRta4mIJZKth2Au3mM3u03/JWKw=="],

    "vfile-reporter": ["vfile-reporter@8.1.1", "", { "dependencies": { "@types/supports-color": "^8.0.0", "string-width": "^6.0.0", "supports-color": "^9.0.0", "unist-util-stringify-position": "^4.0.0", "vfile": "^6.0.0", "vfile-message": "^4.0.0", "vfile-sort": "^4.0.0", "vfile-statistics": "^3.0.0" } }, "sha512-qxRZcnFSQt6pWKn3PAk81yLK2rO2i7CDXpy8v8ZquiEOMLSnPw6BMSi9Y1sUCwGGl7a9b3CJT1CKpnRF7pp66g=="],

    "vfile-sort": ["vfile-sort@4.0.0", "", { "dependencies": { "vfile": "^6.0.0", "vfile-message": "^4.0.0" } }, "sha512-lffPI1JrbHDTToJwcq0rl6rBmkjQmMuXkAxsZPRS9DXbaJQvc642eCg6EGxcX2i1L+esbuhq+2l9tBll5v8AeQ=="],

    "vfile-statistics": ["vfile-statistics@3.0.0", "", { "dependencies": { "vfile": "^6.0.0", "vfile-message": "^4.0.0" } }, "sha512-/qlwqwWBWFOmpXujL/20P+Iuydil0rZZNglR+VNm6J0gpLHwuVM5s7g2TfVoswbXjZ4HuIhLMySEyIw5i7/D8w=="],
  }
}
